lockfileVersion: 5.4

specifiers:
  '@playwright/test': ^1.22.2

devDependencies:
  '@playwright/test': 1.22.2

packages:

  /@playwright/test/1.22.2:
    resolution: {integrity: sha512-cCl96BEBGPtptFz7C2FOSN3PrTnJ3rPpENe+gYCMx4GNNDlN4tmo2D89y13feGKTMMAIVrXfSQ/UmaQKLy1XLA==}
    engines: {node: '>=14'}
    hasBin: true
    dependencies:
      '@types/node': 18.0.0
      playwright-core: 1.22.2
    dev: true

  /@types/node/18.0.0:
    resolution: {integrity: sha512-cHlGmko4gWLVI27cGJntjs/Sj8th9aYwplmZFwmmgYQQvL5NUsgVJG7OddLvNfLqYS31KFN0s3qlaD9qCaxACA==}
    dev: true

  /playwright-core/1.22.2:
    resolution: {integrity: sha512-w/hc/Ld0RM4pmsNeE6aL/fPNWw8BWit2tg+TfqJ3+p59c6s3B6C8mXvXrIPmfQEobkcFDc+4KirNzOQ+uBSP1Q==}
    engines: {node: '>=14'}
    hasBin: true
    dev: true
